
Microsoft Visual Studio Solution File, Format Version 12.00
# Visual Studio Version 17
VisualStudioVersion = 17.3.32901.215
MinimumVisualStudioVersion = 10.0.40219.1
Project("{8BC9CEB8-8B4A-11D0-8D11-00A0C91BC942}") = "Correction", "Correction\Correction.vcxproj", "{8792E0D1-7ADC-4E23-B811-48740E7FAE87}"
EndProject
Global
	GlobalSection(SolutionConfigurationPlatforms) = preSolution
		Debug|x64 = Debug|x64
		Debug|x86 = Debug|x86
		Release|x64 = Release|x64
		Release|x86 = Release|x86
	EndGlobalSection
	GlobalSection(ProjectConfigurationPlatforms) = postSolution
		{8792E0D1-7ADC-4E23-B811-48740E7FAE87}.Debug|x64.ActiveCfg = Debug|x64
		{8792E0D1-7ADC-4E23-B811-48740E7FAE87}.Debug|x64.Build.0 = Debug|x64
		{8792E0D1-7ADC-4E23-B811-48740E7FAE87}.Debug|x86.ActiveCfg = Debug|Win32
		{8792E0D1-7ADC-4E23-B811-48740E7FAE87}.Debug|x86.Build.0 = Debug|Win32
		{8792E0D1-7ADC-4E23-B811-48740E7FAE87}.Release|x64.ActiveCfg = Release|x64
		{8792E0D1-7ADC-4E23-B811-48740E7FAE87}.Release|x64.Build.0 = Release|x64
		{8792E0D1-7ADC-4E23-B811-48740E7FAE87}.Release|x86.ActiveCfg = Release|Win32
		{8792E0D1-7ADC-4E23-B811-48740E7FAE87}.Release|x86.Build.0 = Release|Win32
	EndGlobalSection
	GlobalSection(SolutionProperties) = preSolution
		HideSolutionNode = FALSE
	EndGlobalSection
	GlobalSection(ExtensibilityGlobals) = postSolution
		SolutionGuid = {2E07BB08-3587-424D-80A1-652614578BA3}
	EndGlobalSection
EndGlobal
